
Microsoft Visual Studio Solution File, Format Version 9.00
# Visual Studio 2005
Project("{FAE04EC0-301F-11D3-BF4B-00C04F79EFBC}") = "MovieRenamer", "MovieRenamer\MovieRenamer.csproj", "{6C827F23-2FA7-4255-8922-502E9A8EAC70}"
EndProject
Global
	GlobalSection(SolutionConfigurationPlatforms) = preSolution
		Debug|Any CPU = Debug|Any CPU
		Release|Any CPU = Release|Any CPU
	EndGlobalSection
	GlobalSection(ProjectConfigurationPlatforms) = postSolution
		{6C827F23-2FA7-4255-8922-502E9A8EAC70}.Debug|Any CPU.ActiveCfg = Debug|Any CPU
		{6C827F23-2FA7-4255-8922-502E9A8EAC70}.Debug|Any CPU.Build.0 = Debug|Any CPU
		{6C827F23-2FA7-4255-8922-502E9A8EAC70}.Release|Any CPU.ActiveCfg = Release|Any CPU
		{6C827F23-2FA7-4255-8922-502E9A8EAC70}.Release|Any CPU.Build.0 = Release|Any CPU
	EndGlobalSection
	GlobalSection(MonoDevelopProperties) = preSolution
		StartupItem = MovieRenamer\MovieRenamer.csproj
	EndGlobalSection
EndGlobal
